
Microsoft Visual Studio Solution File, Format Version 12.00
# Visual Studio Version 17
VisualStudioVersion = 17.10.34928.147
MinimumVisualStudioVersion = 10.0.40219.1
Project("{FAE04EC0-301F-11D3-BF4B-00C04F79EFBC}") = "WpfApp25", "WpfApp25.csproj", "{9C23E746-9B1E-4DCB-B15B-53C7C3B5FF2A}"
EndProject
Global
	GlobalSection(SolutionConfigurationPlatforms) = preSolution
		Debug|Any CPU = Debug|Any CPU
		Release|Any CPU = Release|Any CPU
	EndGlobalSection
	GlobalSection(ProjectConfigurationPlatforms) = postSolution
		{9C23E746-9B1E-4DCB-B15B-53C7C3B5FF2A}.Debug|Any CPU.ActiveCfg = Debug|Any CPU
		{9C23E746-9B1E-4DCB-B15B-53C7C3B5FF2A}.Debug|Any CPU.Build.0 = Debug|Any CPU
		{9C23E746-9B1E-4DCB-B15B-53C7C3B5FF2A}.Release|Any CPU.ActiveCfg = Release|Any CPU
		{9C23E746-9B1E-4DCB-B15B-53C7C3B5FF2A}.Release|Any CPU.Build.0 = Release|Any CPU
	EndGlobalSection
	GlobalSection(SolutionProperties) = preSolution
		HideSolutionNode = FALSE
	EndGlobalSection
	GlobalSection(ExtensibilityGlobals) = postSolution
		SolutionGuid = {D15656D8-7EB8-41E0-89E3-5E9DE005264A}
	EndGlobalSection
EndGlobal
